{
  "name": "EasyTV",
  "lockfileVersion": 3,
  "requires": true,
  "packages": {
    "": {
      "dependencies": {
        "@fontsource-variable/plus-jakarta-sans": "^5.2.8"
      }
    },
    "node_modules/@fontsource-variable/plus-jakarta-sans": {
      "version": "5.2.8",
      "resolved": "https://registry.npmjs.org/@fontsource-variable/plus-jakarta-sans/-/plus-jakarta-sans-5.2.8.tgz",
      "integrity": "sha512-iQecBizIdZxezODNHzOn4SvvRMrZL/S8k4MEXGDynCmUrImVW0VmX+tIAMqnADwH4haXlHSXqMgU6+kcfBQJdw==",
      "license": "OFL-1.1",
      "funding": {
        "url": "https://github.com/sponsors/ayuhito"
      }
    }
  }
}
